
Microsoft Visual Studio Solution File, Format Version 12.00
# Visual Studio Version 16
VisualStudioVersion = 16.0.30114.105
MinimumVisualStudioVersion = 10.0.40219.1
Project("{8BC9CEB8-8B4A-11D0-8D11-00A0C91BC942}") = "Practice04_01_Initializer", "Practice04_01_Initializer\Practice04_01_Initializer.vcxproj", "{71FA14BB-931E-48FA-9D1D-EDCFF3081D08}"
EndProject
Project("{8BC9CEB8-8B4A-11D0-8D11-00A0C91BC942}") = "Practice04_02_DefaultArgument", "Practice04_02_DefaultArgument\Practice04_02_DefaultArgument.vcxproj", "{6932A097-3843-4B07-81E2-2BBB8AECD2EB}"
EndProject
Project("{8BC9CEB8-8B4A-11D0-8D11-00A0C91BC942}") = "Practice04_03_InlineFunction", "Practice04_03_InlineFunction\Practice04_03_InlineFunction.vcxproj", "{597C4EA4-78A4-4445-B415-52F1BEBF525C}"
EndProject
Project("{8BC9CEB8-8B4A-11D0-8D11-00A0C91BC942}") = "Practice04_04_PostConst", "Practice04_04_PostConst\Practice04_04_PostConst.vcxproj", "{74426135-B462-4E92-885B-7B066BC6D918}"
EndProject
Project("{8BC9CEB8-8B4A-11D0-8D11-00A0C91BC942}") = "Practice04_05_Explicit", "Practice04_05_Explicit\Practice04_05_Explicit.vcxproj", "{FDD68382-20EE-4EDE-8B7D-0924BA898539}"
EndProject
Project("{8BC9CEB8-8B4A-11D0-8D11-00A0C91BC942}") = "Practice04_06_Reference", "Practice04_06_Reference\Practice04_06_Reference.vcxproj", "{E83B64C5-1F9E-4C31-A336-03375D18680D}"
EndProject
Global
	GlobalSection(SolutionConfigurationPlatforms) = preSolution
		Debug|x64 = Debug|x64
		Debug|x86 = Debug|x86
		Release|x64 = Release|x64
		Release|x86 = Release|x86
	EndGlobalSection
	GlobalSection(ProjectConfigurationPlatforms) = postSolution
		{71FA14BB-931E-48FA-9D1D-EDCFF3081D08}.Debug|x64.ActiveCfg = Debug|x64
		{71FA14BB-931E-48FA-9D1D-EDCFF3081D08}.Debug|x64.Build.0 = Debug|x64
		{71FA14BB-931E-48FA-9D1D-EDCFF3081D08}.Debug|x86.ActiveCfg = Debug|Win32
		{71FA14BB-931E-48FA-9D1D-EDCFF3081D08}.Debug|x86.Build.0 = Debug|Win32
		{71FA14BB-931E-48FA-9D1D-EDCFF3081D08}.Release|x64.ActiveCfg = Release|x64
		{71FA14BB-931E-48FA-9D1D-EDCFF3081D08}.Release|x64.Build.0 = Release|x64
		{71FA14BB-931E-48FA-9D1D-EDCFF3081D08}.Release|x86.ActiveCfg = Release|Win32
		{71FA14BB-931E-48FA-9D1D-EDCFF3081D08}.Release|x86.Build.0 = Release|Win32
		{6932A097-3843-4B07-81E2-2BBB8AECD2EB}.Debug|x64.ActiveCfg = Debug|x64
		{6932A097-3843-4B07-81E2-2BBB8AECD2EB}.Debug|x64.Build.0 = Debug|x64
		{6932A097-3843-4B07-81E2-2BBB8AECD2EB}.Debug|x86.ActiveCfg = Debug|Win32
		{6932A097-3843-4B07-81E2-2BBB8AECD2EB}.Debug|x86.Build.0 = Debug|Win32
		{6932A097-3843-4B07-81E2-2BBB8AECD2EB}.Release|x64.ActiveCfg = Release|x64
		{6932A097-3843-4B07-81E2-2BBB8AECD2EB}.Release|x64.Build.0 = Release|x64
		{6932A097-3843-4B07-81E2-2BBB8AECD2EB}.Release|x86.ActiveCfg = Release|Win32
		{6932A097-3843-4B07-81E2-2BBB8AECD2EB}.Release|x86.Build.0 = Release|Win32
		{597C4EA4-78A4-4445-B415-52F1BEBF525C}.Debug|x64.ActiveCfg = Debug|x64
		{597C4EA4-78A4-4445-B415-52F1BEBF525C}.Debug|x64.Build.0 = Debug|x64
		{597C4EA4-78A4-4445-B415-52F1BEBF525C}.Debug|x86.ActiveCfg = Debug|Win32
		{597C4EA4-78A4-4445-B415-52F1BEBF525C}.Debug|x86.Build.0 = Debug|Win32
		{597C4EA4-78A4-4445-B415-52F1BEBF525C}.Release|x64.ActiveCfg = Release|x64
		{597C4EA4-78A4-4445-B415-52F1BEBF525C}.Release|x64.Build.0 = Release|x64
		{597C4EA4-78A4-4445-B415-52F1BEBF525C}.Release|x86.ActiveCfg = Release|Win32
		{597C4EA4-78A4-4445-B415-52F1BEBF525C}.Release|x86.Build.0 = Release|Win32
		{74426135-B462-4E92-885B-7B066BC6D918}.Debug|x64.ActiveCfg = Debug|x64
		{74426135-B462-4E92-885B-7B066BC6D918}.Debug|x64.Build.0 = Debug|x64
		{74426135-B462-4E92-885B-7B066BC6D918}.Debug|x86.ActiveCfg = Debug|Win32
		{74426135-B462-4E92-885B-7B066BC6D918}.Debug|x86.Build.0 = Debug|Win32
		{74426135-B462-4E92-885B-7B066BC6D918}.Release|x64.ActiveCfg = Release|x64
		{74426135-B462-4E92-885B-7B066BC6D918}.Release|x64.Build.0 = Release|x64
		{74426135-B462-4E92-885B-7B066BC6D918}.Release|x86.ActiveCfg = Release|Win32
		{74426135-B462-4E92-885B-7B066BC6D918}.Release|x86.Build.0 = Release|Win32
		{FDD68382-20EE-4EDE-8B7D-0924BA898539}.Debug|x64.ActiveCfg = Debug|x64
		{FDD68382-20EE-4EDE-8B7D-0924BA898539}.Debug|x64.Build.0 = Debug|x64
		{FDD68382-20EE-4EDE-8B7D-0924BA898539}.Debug|x86.ActiveCfg = Debug|Win32
		{FDD68382-20EE-4EDE-8B7D-0924BA898539}.Debug|x86.Build.0 = Debug|Win32
		{FDD68382-20EE-4EDE-8B7D-0924BA898539}.Release|x64.ActiveCfg = Release|x64
		{FDD68382-20EE-4EDE-8B7D-0924BA898539}.Release|x64.Build.0 = Release|x64
		{FDD68382-20EE-4EDE-8B7D-0924BA898539}.Release|x86.ActiveCfg = Release|Win32
		{FDD68382-20EE-4EDE-8B7D-0924BA898539}.Release|x86.Build.0 = Release|Win32
		{E83B64C5-1F9E-4C31-A336-03375D18680D}.Debug|x64.ActiveCfg = Debug|x64
		{E83B64C5-1F9E-4C31-A336-03375D18680D}.Debug|x64.Build.0 = Debug|x64
		{E83B64C5-1F9E-4C31-A336-03375D18680D}.Debug|x86.ActiveCfg = Debug|Win32
		{E83B64C5-1F9E-4C31-A336-03375D18680D}.Debug|x86.Build.0 = Debug|Win32
		{E83B64C5-1F9E-4C31-A336-03375D18680D}.Release|x64.ActiveCfg = Release|x64
		{E83B64C5-1F9E-4C31-A336-03375D18680D}.Release|x64.Build.0 = Release|x64
		{E83B64C5-1F9E-4C31-A336-03375D18680D}.Release|x86.ActiveCfg = Release|Win32
		{E83B64C5-1F9E-4C31-A336-03375D18680D}.Release|x86.Build.0 = Release|Win32
	EndGlobalSection
	GlobalSection(SolutionProperties) = preSolution
		HideSolutionNode = FALSE
	EndGlobalSection
	GlobalSection(ExtensibilityGlobals) = postSolution
		SolutionGuid = {9C8F6C6F-0C35-4AD7-8B5A-E1C77DFC3696}
	EndGlobalSection
EndGlobal
