
Microsoft Visual Studio Solution File, Format Version 12.00
# Visual Studio Version 16
VisualStudioVersion = 16.0.30114.105
MinimumVisualStudioVersion = 10.0.40219.1
Project("{8BC9CEB8-8B4A-11D0-8D11-00A0C91BC942}") = "Practice02_01_string", "Practice02_01_string\Practice02_01_string.vcxproj", "{F4E7193F-13B3-473E-A5D7-006FA5B74DC5}"
EndProject
Project("{8BC9CEB8-8B4A-11D0-8D11-00A0C91BC942}") = "Practice02_02_vector", "Pranc\Pranc.vcxproj", "{7CAE2B34-1ED8-426E-BA00-5C6941AC60E9}"
EndProject
Project("{8BC9CEB8-8B4A-11D0-8D11-00A0C91BC942}") = "Practice01_03_iterator", "Practice01_03_iterator\Practice01_03_iterator.vcxproj", "{A203E21E-D5AB-4C3C-AAFA-04F18BD42898}"
EndProject
Project("{8BC9CEB8-8B4A-11D0-8D11-00A0C91BC942}") = "Practice02_04", "Practice02_04\Practice02_04.vcxproj", "{B1E07F88-98A5-4D03-B528-E63AC1F93A38}"
EndProject
Project("{8BC9CEB8-8B4A-11D0-8D11-00A0C91BC942}") = "Practice02_05", "Practice02_05\Practice02_05.vcxproj", "{A38AD416-88DC-4F4D-B565-FC5F8423164B}"
EndProject
Global
	GlobalSection(SolutionConfigurationPlatforms) = preSolution
		Debug|x64 = Debug|x64
		Debug|x86 = Debug|x86
		Release|x64 = Release|x64
		Release|x86 = Release|x86
	EndGlobalSection
	GlobalSection(ProjectConfigurationPlatforms) = postSolution
		{F4E7193F-13B3-473E-A5D7-006FA5B74DC5}.Debug|x64.ActiveCfg = Debug|x64
		{F4E7193F-13B3-473E-A5D7-006FA5B74DC5}.Debug|x64.Build.0 = Debug|x64
		{F4E7193F-13B3-473E-A5D7-006FA5B74DC5}.Debug|x86.ActiveCfg = Debug|Win32
		{F4E7193F-13B3-473E-A5D7-006FA5B74DC5}.Debug|x86.Build.0 = Debug|Win32
		{F4E7193F-13B3-473E-A5D7-006FA5B74DC5}.Release|x64.ActiveCfg = Release|x64
		{F4E7193F-13B3-473E-A5D7-006FA5B74DC5}.Release|x64.Build.0 = Release|x64
		{F4E7193F-13B3-473E-A5D7-006FA5B74DC5}.Release|x86.ActiveCfg = Release|Win32
		{F4E7193F-13B3-473E-A5D7-006FA5B74DC5}.Release|x86.Build.0 = Release|Win32
		{7CAE2B34-1ED8-426E-BA00-5C6941AC60E9}.Debug|x64.ActiveCfg = Debug|x64
		{7CAE2B34-1ED8-426E-BA00-5C6941AC60E9}.Debug|x64.Build.0 = Debug|x64
		{7CAE2B34-1ED8-426E-BA00-5C6941AC60E9}.Debug|x86.ActiveCfg = Debug|Win32
		{7CAE2B34-1ED8-426E-BA00-5C6941AC60E9}.Debug|x86.Build.0 = Debug|Win32
		{7CAE2B34-1ED8-426E-BA00-5C6941AC60E9}.Release|x64.ActiveCfg = Release|x64
		{7CAE2B34-1ED8-426E-BA00-5C6941AC60E9}.Release|x64.Build.0 = Release|x64
		{7CAE2B34-1ED8-426E-BA00-5C6941AC60E9}.Release|x86.ActiveCfg = Release|Win32
		{7CAE2B34-1ED8-426E-BA00-5C6941AC60E9}.Release|x86.Build.0 = Release|Win32
		{A203E21E-D5AB-4C3C-AAFA-04F18BD42898}.Debug|x64.ActiveCfg = Debug|x64
		{A203E21E-D5AB-4C3C-AAFA-04F18BD42898}.Debug|x64.Build.0 = Debug|x64
		{A203E21E-D5AB-4C3C-AAFA-04F18BD42898}.Debug|x86.ActiveCfg = Debug|Win32
		{A203E21E-D5AB-4C3C-AAFA-04F18BD42898}.Debug|x86.Build.0 = Debug|Win32
		{A203E21E-D5AB-4C3C-AAFA-04F18BD42898}.Release|x64.ActiveCfg = Release|x64
		{A203E21E-D5AB-4C3C-AAFA-04F18BD42898}.Release|x64.Build.0 = Release|x64
		{A203E21E-D5AB-4C3C-AAFA-04F18BD42898}.Release|x86.ActiveCfg = Release|Win32
		{A203E21E-D5AB-4C3C-AAFA-04F18BD42898}.Release|x86.Build.0 = Release|Win32
		{B1E07F88-98A5-4D03-B528-E63AC1F93A38}.Debug|x64.ActiveCfg = Debug|x64
		{B1E07F88-98A5-4D03-B528-E63AC1F93A38}.Debug|x64.Build.0 = Debug|x64
		{B1E07F88-98A5-4D03-B528-E63AC1F93A38}.Debug|x86.ActiveCfg = Debug|Win32
		{B1E07F88-98A5-4D03-B528-E63AC1F93A38}.Debug|x86.Build.0 = Debug|Win32
		{B1E07F88-98A5-4D03-B528-E63AC1F93A38}.Release|x64.ActiveCfg = Release|x64
		{B1E07F88-98A5-4D03-B528-E63AC1F93A38}.Release|x64.Build.0 = Release|x64
		{B1E07F88-98A5-4D03-B528-E63AC1F93A38}.Release|x86.ActiveCfg = Release|Win32
		{B1E07F88-98A5-4D03-B528-E63AC1F93A38}.Release|x86.Build.0 = Release|Win32
		{A38AD416-88DC-4F4D-B565-FC5F8423164B}.Debug|x64.ActiveCfg = Debug|x64
		{A38AD416-88DC-4F4D-B565-FC5F8423164B}.Debug|x64.Build.0 = Debug|x64
		{A38AD416-88DC-4F4D-B565-FC5F8423164B}.Debug|x86.ActiveCfg = Debug|Win32
		{A38AD416-88DC-4F4D-B565-FC5F8423164B}.Debug|x86.Build.0 = Debug|Win32
		{A38AD416-88DC-4F4D-B565-FC5F8423164B}.Release|x64.ActiveCfg = Release|x64
		{A38AD416-88DC-4F4D-B565-FC5F8423164B}.Release|x64.Build.0 = Release|x64
		{A38AD416-88DC-4F4D-B565-FC5F8423164B}.Release|x86.ActiveCfg = Release|Win32
		{A38AD416-88DC-4F4D-B565-FC5F8423164B}.Release|x86.Build.0 = Release|Win32
	EndGlobalSection
	GlobalSection(SolutionProperties) = preSolution
		HideSolutionNode = FALSE
	EndGlobalSection
	GlobalSection(ExtensibilityGlobals) = postSolution
		SolutionGuid = {8D50E734-B37C-4001-8B04-27DFEE9A5FB1}
	EndGlobalSection
EndGlobal
